// !$*UTF8*$!
{
	archiveVersion = 1;
	classes = {
	};
	objectVersion = 46;
	objects = {

/* Begin PBXBuildFile section */
		470CC78A1D4911D70068DBDC /* AppDelegate.swift in Sources */ = {isa = PBXBuildFile; fileRef = 470CC7891D4911D70068DBDC /* AppDelegate.swift */; };
		470CC78C1D4911D70068DBDC /* ViewController.swift in Sources */ = {isa = PBXBuildFile; fileRef = 470CC78B1D4911D70068DBDC /* ViewController.swift */; };
		470CC78F1D4911D70068DBDC /* Main.storyboard in Resources */ = {isa = PBXBuildFile; fileRef = 470CC78D1D4911D70068DBDC /* Main.storyboard */; };
		470CC7911D4911D70068DBDC /* Assets.xcassets in Resources */ = {isa = PBXBuildFile; fileRef = 470CC7901D4911D70068DBDC /* Assets.xcassets */; };
		470CC7941D4911D70068DBDC /* LaunchScreen.storyboard in Resources */ = {isa = PBXBuildFile; fileRef = 470CC7921D4911D70068DBDC /* LaunchScreen.storyboard */; };
/* End PBXBuildFile section */

/* Begin PBXFileReference section */
		470CC7861D4911D70068DBDC /* twitter.app */ = {isa = PBXFileReference; explicitFileType = wrapper.application; includeInIndex = 0; path = twitter.app; sourceTree = BUILT_PRODUCTS_DIR; };
		470CC7891D4911D70068DBDC /* AppDelegate.swift */ = {isa = PBXFileReference; lastKnownFileType = sourcecode.swift; path = AppDelegate.swift; sourceTree = "<group>"; };
		470CC78B1D4911D70068DBDC /* ViewController.swift */ = {isa = PBXFileReference; lastKnownFileType = sourcecode.swift; path = ViewController.swift; sourceTree = "<group>"; };
		470CC78E1D4911D70068DBDC /* Base */ = {isa = PBXFileReference; lastKnownFileType = file.storyboard; name = Base; path = Base.lproj/Main.storyboard; sourceTree = "<group>"; };
		470CC7901D4911D70068DBDC /* Assets.xcassets */ = {isa = PBXFileReference; lastKnownFileType = folder.assetcatalog; path = Assets.xcassets; sourceTree = "<group>"; };
		470CC7931D4911D70068DBDC /* Base */ = {isa = PBXFileReference; lastKnownFileType = file.storyboard; name = Base; path = Base.lproj/LaunchScreen.storyboard; sourceTree = "<group>"; };
		470CC7951D4911D70068DBDC /* Info.plist */ = {isa = PBXFileReference; lastKnownFileType = text.plist.xml; path = Info.plist; sourceTree = "<group>"; };
/* End PBXFileReference section */

/* Begin PBXFrameworksBuildPhase section */
		470CC7831D4911D70068DBDC /* Frameworks */ = {
			isa = PBXFrameworksBuildPhase;
			buildActionMask = 2147483647;
			files = (
			);
			runOnlyForDeploymentPostprocessing = 0;
		};
/* End PBXFrameworksBuildPhase section */

/* Begin PBXGroup section */
		470CC77D1D4911D70068DBDC = {
			isa = PBXGroup;
			children = (
				470CC7881D4911D70068DBDC /* twitter */,
				470CC7871D4911D70068DBDC /* Products */,
			);
			sourceTree = "<group>";
		};
		470CC7871D4911D70068DBDC /* Products */ = {
			isa = PBXGroup;
			children = (
				470CC7861D4911D70068DBDC /* twitter.app */,
			);
			name = Products;
			sourceTree = "<group>";
		};
		470CC7881D4911D70068DBDC /* twitter */ = {
			isa = PBXGroup;
			children = (
				470CC7891D4911D70068DBDC /* AppDelegate.swift */,
				470CC78B1D4911D70068DBDC /* ViewController.swift */,
				470CC78D1D4911D70068DBDC /* Main.storyboard */,
				470CC7901D4911D70068DBDC /* Assets.xcassets */,
				470CC7921D4911D70068DBDC /* LaunchScreen.storyboard */,
				470CC7951D4911D70068DBDC /* Info.plist */,
			);
			path = twitter;
			sourceTree = "<group>";
		};
/* End PBXGroup section */

/* Begin PBXNativeTarget section */
		470CC7851D4911D70068DBDC /* twitter */ = {
			isa = PBXNativeTarget;
			buildConfigurationList = 470CC7981D4911D70068DBDC /* Build configuration list for PBXNativeTarget "twitter" */;
			buildPhases = (
				470CC7821D4911D70068DBDC /* Sources */,
				470CC7831D4911D70068DBDC /* Frameworks */,
				470CC7841D4911D70068DBDC /* Resources */,
			);
			buildRules = (
			);
			dependencies = (
			);
			name = twitter;
			productName = twitter;
			productReference = 470CC7861D4911D70068DBDC /* twitter.app */;
			productType = "com.apple.product-type.application";
		};
/* End PBXNativeTarget section */

/* Begin PBXProject section */
		470CC77E1D4911D70068DBDC /* Project object */ = {
			isa = PBXProject;
			attributes = {
				LastSwiftUpdateCheck = 0730;
				LastUpgradeCheck = 0730;
				ORGANIZATIONNAME = walmart;
				TargetAttributes = {
					470CC7851D4911D70068DBDC = {
						CreatedOnToolsVersion = 7.3.1;
					};
				};
			};
			buildConfigurationList = 470CC7811D4911D70068DBDC /* Build configuration list for PBXProject "twitter" */;
			compatibilityVersion = "Xcode 3.2";
			developmentRegion = English;
			hasScannedForEncodings = 0;
			knownRegions = (
				en,
				Base,
			);
			mainGroup = 470CC77D1D4911D70068DBDC;
			productRefGroup = 470CC7871D4911D70068DBDC /* Products */;
			projectDirPath = "";
			projectRoot = "";
			targets = (
				470CC7851D4911D70068DBDC /* twitter */,
			);
		};
/* End PBXProject section */

/* Begin PBXResourcesBuildPhase section */
		470CC7841D4911D70068DBDC /* Resources */ = {
			isa = PBXResourcesBuildPhase;
			buildActionMask = 2147483647;
			files = (
				470CC7941D4911D70068DBDC /* LaunchScreen.storyboard in Resources */,
				470CC7911D4911D70068DBDC /* Assets.xcassets in Resources */,
				470CC78F1D4911D70068DBDC /* Main.storyboard in Resources */,
			);
			runOnlyForDeploymentPostprocessing = 0;
		};
/* End PBXResourcesBuildPhase section */

/* Begin PBXSourcesBuildPhase section */
		470CC7821D4911D70068DBDC /* Sources */ = {
			isa = PBXSourcesBuildPhase;
			buildActionMask = 2147483647;
			files = (
				470CC78C1D4911D70068DBDC /* ViewController.swift in Sources */,
				470CC78A1D4911D70068DBDC /* AppDelegate.swift in Sources */,
			);
			runOnlyForDeploymentPostprocessing = 0;
		};
/* End PBXSourcesBuildPhase section */

/* Begin PBXVariantGroup section */
		470CC78D1D4911D70068DBDC /* Main.storyboard */ = {
			isa = PBXVariantGroup;
			children = (
				470CC78E1D4911D70068DBDC /* Base */,
			);
			name = Main.storyboard;
			sourceTree = "<group>";
		};
		470CC7921D4911D70068DBDC /* LaunchScreen.storyboard */ = {
			isa = PBXVariantGroup;
			children = (
				470CC7931D4911D70068DBDC /* Base */,
			);
			name = LaunchScreen.storyboard;
			sourceTree = "<group>";
		};
/* End PBXVariantGroup section */

/* Begin XCBuildConfiguration section */
		470CC7961D4911D70068DBDC /* Debug */ = {
			isa = XCBuildConfiguration;
			buildSettings = {
				ALWAYS_SEARCH_USER_PATHS = NO;
				CLANG_ANALYZER_NONNULL = YES;
				CLANG_CXX_LANGUAGE_STANDARD = "gnu++0x";
				CLANG_CXX_LIBRARY = "libc++";
				CLANG_ENABLE_MODULES = YES;
				CLANG_ENABLE_OBJC_ARC = YES;
				CLANG_WARN_BOOL_CONVERSION = YES;
				CLANG_WARN_CONSTANT_CONVERSION = YES;
				CLANG_WARN_DIRECT_OBJC_ISA_USAGE = YES_ERROR;
				CLANG_WARN_EMPTY_BODY = YES;
				CLANG_WARN_ENUM_CONVERSION = YES;
				CLANG_WARN_INT_CONVERSION = YES;
				CLANG_WARN_OBJC_ROOT_CLASS = YES_ERROR;
				CLANG_WARN_UNREACHABLE_CODE = YES;
				CLANG_WARN__DUPLICATE_METHOD_MATCH = YES;
				"CODE_SIGN_IDENTITY[sdk=iphoneos*]" = "iPhone Developer";
				COPY_PHASE_STRIP = NO;
				DEBUG_INFORMATION_FORMAT = dwarf;
				ENABLE_STRICT_OBJC_MSGSEND = YES;
				ENABLE_TESTABILITY = YES;
				GCC_C_LANGUAGE_STANDARD = gnu99;
				GCC_DYNAMIC_NO_PIC = NO;
				GCC_NO_COMMON_BLOCKS = YES;
				GCC_OPTIMIZATION_LEVEL = 0;
				GCC_PREPROCESSOR_DEFINITIONS = (
					"DEBUG=1",
					"$(inherited)",
				);
				GCC_WARN_64_TO_32_BIT_CONVERSION = YES;
				GCC_WARN_ABOUT_RETURN_TYPE = YES_ERROR;
				GCC_WARN_UNDECLARED_SELECTOR = YES;
				GCC_WARN_UNINITIALIZED_AUTOS = YES_AGGRESSIVE;
				GCC_WARN_UNUSED_FUNCTION = YES;
				GCC_WARN_UNUSED_VARIABLE = YES;
				IPHONEOS_DEPLOYMENT_TARGET = 9.3;
				MTL_ENABLE_DEBUG_INFO = YES;
				ONLY_ACTIVE_ARCH = YES;
				SDKROOT = iphoneos;
				SWIFT_OPTIMIZATION_LEVEL = "-Onone";
				TARGETED_DEVICE_FAMILY = "1,2";
			};
			name = Debug;
		};
		470CC7971D4911D70068DBDC /* Release */ = {
			isa = XCBuildConfiguration;
			buildSettings = {
				ALWAYS_SEARCH_USER_PATHS = NO;
				CLANG_ANALYZER_NONNULL = YES;
				CLANG_CXX_LANGUAGE_STANDARD = "gnu++0x";
				CLANG_CXX_LIBRARY = "libc++";
				CLANG_ENABLE_MODULES = YES;
				CLANG_ENABLE_OBJC_ARC = YES;
				CLANG_WARN_BOOL_CONVERSION = YES;
				CLANG_WARN_CONSTANT_CONVERSION = YES;
				CLANG_WARN_DIRECT_OBJC_ISA_USAGE = YES_ERROR;
				CLANG_WARN_EMPTY_BODY = YES;
				CLANG_WARN_ENUM_CONVERSION = YES;
				CLANG_WARN_INT_CONVERSION = YES;
				CLANG_WARN_OBJC_ROOT_CLASS = YES_ERROR;
				CLANG_WARN_UNREACHABLE_CODE = YES;
				CLANG_WARN__DUPLICATE_METHOD_MATCH = YES;
				"CODE_SIGN_IDENTITY[sdk=iphoneos*]" = "iPhone Developer";
				COPY_PHASE_STRIP = NO;
				DEBUG_INFORMATION_FORMAT = "dwarf-with-dsym";
				ENABLE_NS_ASSERTIONS = NO;
				ENABLE_STRICT_OBJC_MSGSEND = YES;
				GCC_C_LANGUAGE_STANDARD = gnu99;
				GCC_NO_COMMON_BLOCKS = YES;
				GCC_WARN_64_TO_32_BIT_CONVERSION = YES;
				GCC_WARN_ABOUT_RETURN_TYPE = YES_ERROR;
				GCC_WARN_UNDECLARED_SELECTOR = YES;
				GCC_WARN_UNINITIALIZED_AUTOS = YES_AGGRESSIVE;
				GCC_WARN_UNUSED_FUNCTION = YES;
				GCC_WARN_UNUSED_VARIABLE = YES;
				IPHONEOS_DEPLOYMENT_TARGET = 9.3;
				MTL_ENABLE_DEBUG_INFO = NO;
				SDKROOT = iphoneos;
				TARGETED_DEVICE_FAMILY = "1,2";
				VALIDATE_PRODUCT = YES;
			};
			name = Release;
		};
		470CC7991D4911D70068DBDC /* Debug */ = {
			isa = XCBuildConfiguration;
			buildSettings = {
				ASSETCATALOG_COMPILER_APPICON_NAME = AppIcon;
				INFOPLIST_FILE = twitter/Info.plist;
				LD_RUNPATH_SEARCH_PATHS = "$(inherited) @executable_path/Frameworks";
				PRODUCT_BUNDLE_IDENTIFIER = com.walmart.training.twitter;
				PRODUCT_NAME = "$(TARGET_NAME)";
			};
			name = Debug;
		};
		470CC79A1D4911D70068DBDC /* Release */ = {
			isa = XCBuildConfiguration;
			buildSettings = {
				ASSETCATALOG_COMPILER_APPICON_NAME = AppIcon;
				INFOPLIST_FILE = twitter/Info.plist;
				LD_RUNPATH_SEARCH_PATHS = "$(inherited) @executable_path/Frameworks";
				PRODUCT_BUNDLE_IDENTIFIER = com.walmart.training.twitter;
				PRODUCT_NAME = "$(TARGET_NAME)";
			};
			name = Release;
		};
/* End XCBuildConfiguration section */

/* Begin XCConfigurationList section */
		470CC7811D4911D70068DBDC /* Build configuration list for PBXProject "twitter" */ = {
			isa = XCConfigurationList;
			buildConfigurations = (
				470CC7961D4911D70068DBDC /* Debug */,
				470CC7971D4911D70068DBDC /* Release */,
			);
			defaultConfigurationIsVisible = 0;
			defaultConfigurationName = Release;
		};
		470CC7981D4911D70068DBDC /* Build configuration list for PBXNativeTarget "twitter" */ = {
			isa = XCConfigurationList;
			buildConfigurations = (
				470CC7991D4911D70068DBDC /* Debug */,
				470CC79A1D4911D70068DBDC /* Release */,
			);
			defaultConfigurationIsVisible = 0;
		};
/* End XCConfigurationList section */
	};
	rootObject = 470CC77E1D4911D70068DBDC /* Project object */;
}
